Microsoft Visual Studio Solution File, Format Version 12.00
# Visual Studio 15
VisualStudioVersion = 15.0.26124.0
MinimumVisualStudioVersion = 15.0.26124.0
Project("{9A19103F-16F7-4668-BE54-9A1E7A4F7556}") = "Sigma.PatrimonioApi", "src\Sigma.PatrimonioApi.csproj", "{DAA98CAF-C078-4F67-A412-94C9C9F74C9D}"
EndProject
Project("{9A19103F-16F7-4668-BE54-9A1E7A4F7556}") = "Sigma.PatrimonioApi.Tests", "tests\Sigma.PatrimonioApi.Tests.csproj", "{2769A475-897B-4427-9396-F6D5562ACDF9}"
EndProject
Project("{E53339B2-1760-4266-BCC7-CA923CBCF16C}") = "docker-compose", "docker-compose.dcproj", "{D9825224-F7F1-4A66-A792-1A2A3432AC0C}"
EndProject
Global
	GlobalSection(SolutionConfigurationPlatforms) = preSolution
		Debug|Any CPU = Debug|Any CPU
		Debug|x64 = Debug|x64
		Debug|x86 = Debug|x86
		Release|Any CPU = Release|Any CPU
		Release|x64 = Release|x64
		Release|x86 = Release|x86
	EndGlobalSection
	GlobalSection(ProjectConfigurationPlatforms) = postSolution
		{DAA98CAF-C078-4F67-A412-94C9C9F74C9D}.Debug|Any CPU.ActiveCfg = Debug|Any CPU
		{DAA98CAF-C078-4F67-A412-94C9C9F74C9D}.Debug|Any CPU.Build.0 = Debug|Any CPU
		{DAA98CAF-C078-4F67-A412-94C9C9F74C9D}.Debug|x64.ActiveCfg = Debug|Any CPU
		{DAA98CAF-C078-4F67-A412-94C9C9F74C9D}.Debug|x64.Build.0 = Debug|Any CPU
		{DAA98CAF-C078-4F67-A412-94C9C9F74C9D}.Debug|x86.ActiveCfg = Debug|Any CPU
		{DAA98CAF-C078-4F67-A412-94C9C9F74C9D}.Debug|x86.Build.0 = Debug|Any CPU
		{DAA98CAF-C078-4F67-A412-94C9C9F74C9D}.Release|Any CPU.ActiveCfg = Release|Any CPU
		{DAA98CAF-C078-4F67-A412-94C9C9F74C9D}.Release|Any CPU.Build.0 = Release|Any CPU
		{DAA98CAF-C078-4F67-A412-94C9C9F74C9D}.Release|x64.ActiveCfg = Release|Any CPU
		{DAA98CAF-C078-4F67-A412-94C9C9F74C9D}.Release|x64.Build.0 = Release|Any CPU
		{DAA98CAF-C078-4F67-A412-94C9C9F74C9D}.Release|x86.ActiveCfg = Release|Any CPU
		{DAA98CAF-C078-4F67-A412-94C9C9F74C9D}.Release|x86.Build.0 = Release|Any CPU
		{2769A475-897B-4427-9396-F6D5562ACDF9}.Debug|Any CPU.ActiveCfg = Debug|Any CPU
		{2769A475-897B-4427-9396-F6D5562ACDF9}.Debug|Any CPU.Build.0 = Debug|Any CPU
		{2769A475-897B-4427-9396-F6D5562ACDF9}.Debug|x64.ActiveCfg = Debug|Any CPU
		{2769A475-897B-4427-9396-F6D5562ACDF9}.Debug|x64.Build.0 = Debug|Any CPU
		{2769A475-897B-4427-9396-F6D5562ACDF9}.Debug|x86.ActiveCfg = Debug|Any CPU
		{2769A475-897B-4427-9396-F6D5562ACDF9}.Debug|x86.Build.0 = Debug|Any CPU
		{2769A475-897B-4427-9396-F6D5562ACDF9}.Release|Any CPU.ActiveCfg = Release|Any CPU
		{2769A475-897B-4427-9396-F6D5562ACDF9}.Release|Any CPU.Build.0 = Release|Any CPU
		{2769A475-897B-4427-9396-F6D5562ACDF9}.Release|x64.ActiveCfg = Release|Any CPU
		{2769A475-897B-4427-9396-F6D5562ACDF9}.Release|x64.Build.0 = Release|Any CPU
		{2769A475-897B-4427-9396-F6D5562ACDF9}.Release|x86.ActiveCfg = Release|Any CPU
		{2769A475-897B-4427-9396-F6D5562ACDF9}.Release|x86.Build.0 = Release|Any CPU
		{D9825224-F7F1-4A66-A792-1A2A3432AC0C}.Debug|Any CPU.ActiveCfg = Debug|Any CPU
		{D9825224-F7F1-4A66-A792-1A2A3432AC0C}.Debug|Any CPU.Build.0 = Debug|Any CPU
		{D9825224-F7F1-4A66-A792-1A2A3432AC0C}.Debug|x64.ActiveCfg = Debug|Any CPU
		{D9825224-F7F1-4A66-A792-1A2A3432AC0C}.Debug|x64.Build.0 = Debug|Any CPU
		{D9825224-F7F1-4A66-A792-1A2A3432AC0C}.Debug|x86.ActiveCfg = Debug|Any CPU
		{D9825224-F7F1-4A66-A792-1A2A3432AC0C}.Debug|x86.Build.0 = Debug|Any CPU
		{D9825224-F7F1-4A66-A792-1A2A3432AC0C}.Release|Any CPU.ActiveCfg = Release|Any CPU
		{D9825224-F7F1-4A66-A792-1A2A3432AC0C}.Release|Any CPU.Build.0 = Release|Any CPU
		{D9825224-F7F1-4A66-A792-1A2A3432AC0C}.Release|x64.ActiveCfg = Release|Any CPU
		{D9825224-F7F1-4A66-A792-1A2A3432AC0C}.Release|x64.Build.0 = Release|Any CPU
		{D9825224-F7F1-4A66-A792-1A2A3432AC0C}.Release|x86.ActiveCfg = Release|Any CPU
		{D9825224-F7F1-4A66-A792-1A2A3432AC0C}.Release|x86.Build.0 = Release|Any CPU
	EndGlobalSection
	GlobalSection(SolutionProperties) = preSolution
		HideSolutionNode = FALSE
	EndGlobalSection
	GlobalSection(ExtensibilityGlobals) = postSolution
		SolutionGuid = {B6918255-04CA-4ACF-A80D-90CDC232F662}
	EndGlobalSection
EndGlobal
